// !$*UTF8*$!
{
	archiveVersion = 1;
	classes = {
	};
	objectVersion = 50;
	objects = {

/* Begin PBXBuildFile section */
		A670B08525889AE2000986DB /* main.cpp in Sources */ = {isa = PBXBuildFile; fileRef = A670B08425889AE2000986DB /* main.cpp */; };
		A67D85032595A236003EBE2C /* main.cpp in Sources */ = {isa = PBXBuildFile; fileRef = A67D85022595A236003EBE2C /* main.cpp */; };
		A67D85192595AA61003EBE2C /* main.cpp in Sources */ = {isa = PBXBuildFile; fileRef = A67D85182595AA61003EBE2C /* main.cpp */; };
		A68A25BE259304680025157C /* main.cpp in Sources */ = {isa = PBXBuildFile; fileRef = A68A25BD259304680025157C /* main.cpp */; };
		A68A25D12594A5850025157C /* main.cpp in Sources */ = {isa = PBXBuildFile; fileRef = A68A25D02594A5850025157C /* main.cpp */; };
		A68A25E52594B8870025157C /* main.cpp in Sources */ = {isa = PBXBuildFile; fileRef = A68A25E42594B8870025157C /* main.cpp */; };
		A6E7B15E25920E6D0063BEFF /* main.cpp in Sources */ = {isa = PBXBuildFile; fileRef = A6E7B15D25920E6D0063BEFF /* main.cpp */; };
		A6E7B16D259213E10063BEFF /* main.cpp in Sources */ = {isa = PBXBuildFile; fileRef = A6E7B16C259213E10063BEFF /* main.cpp */; };
		A6E7B17D25921AF10063BEFF /* main.cpp in Sources */ = {isa = PBXBuildFile; fileRef = A6E7B17C25921AF10063BEFF /* main.cpp */; };
		A6E7B18E25922FB70063BEFF /* main.cpp in Sources */ = {isa = PBXBuildFile; fileRef = A6E7B18D25922FB70063BEFF /* main.cpp */; };
/* End PBXBuildFile section */

/* Begin PBXCopyFilesBuildPhase section */
		A670B06425888B75000986DB /* CopyFiles */ = {
			isa = PBXCopyFilesBuildPhase;
			buildActionMask = 2147483647;
			dstPath = /usr/share/man/man1/;
			dstSubfolderSpec = 0;
			files = (
			);
			runOnlyForDeploymentPostprocessing = 1;
		};
		A670B07325888C10000986DB /* CopyFiles */ = {
			isa = PBXCopyFilesBuildPhase;
			buildActionMask = 2147483647;
			dstPath = /usr/share/man/man1/;
			dstSubfolderSpec = 0;
			files = (
			);
			runOnlyForDeploymentPostprocessing = 1;
		};
		A670B08025889AE2000986DB /* CopyFiles */ = {
			isa = PBXCopyFilesBuildPhase;
			buildActionMask = 2147483647;
			dstPath = /usr/share/man/man1/;
			dstSubfolderSpec = 0;
			files = (
			);
			runOnlyForDeploymentPostprocessing = 1;
		};
		A67D84FE2595A236003EBE2C /* CopyFiles */ = {
			isa = PBXCopyFilesBuildPhase;
			buildActionMask = 2147483647;
			dstPath = /usr/share/man/man1/;
			dstSubfolderSpec = 0;
			files = (
			);
			runOnlyForDeploymentPostprocessing = 1;
		};
		A67D85142595AA61003EBE2C /* CopyFiles */ = {
			isa = PBXCopyFilesBuildPhase;
			buildActionMask = 2147483647;
			dstPath = /usr/share/man/man1/;
			dstSubfolderSpec = 0;
			files = (
			);
			runOnlyForDeploymentPostprocessing = 1;
		};
		A68A25B9259304680025157C /* CopyFiles */ = {
			isa = PBXCopyFilesBuildPhase;
			buildActionMask = 2147483647;
			dstPath = /usr/share/man/man1/;
			dstSubfolderSpec = 0;
			files = (
			);
			runOnlyForDeploymentPostprocessing = 1;
		};
		A68A25CC2594A5850025157C /* CopyFiles */ = {
			isa = PBXCopyFilesBuildPhase;
			buildActionMask = 2147483647;
			dstPath = /usr/share/man/man1/;
			dstSubfolderSpec = 0;
			files = (
			);
			runOnlyForDeploymentPostprocessing = 1;
		};
		A68A25E02594B8870025157C /* CopyFiles */ = {
			isa = PBXCopyFilesBuildPhase;
			buildActionMask = 2147483647;
			dstPath = /usr/share/man/man1/;
			dstSubfolderSpec = 0;
			files = (
			);
			runOnlyForDeploymentPostprocessing = 1;
		};
		A6E7B15925920E6D0063BEFF /* CopyFiles */ = {
			isa = PBXCopyFilesBuildPhase;
			buildActionMask = 2147483647;
			dstPath = /usr/share/man/man1/;
			dstSubfolderSpec = 0;
			files = (
			);
			runOnlyForDeploymentPostprocessing = 1;
		};
		A6E7B168259213E10063BEFF /* CopyFiles */ = {
			isa = PBXCopyFilesBuildPhase;
			buildActionMask = 2147483647;
			dstPath = /usr/share/man/man1/;
			dstSubfolderSpec = 0;
			files = (
			);
			runOnlyForDeploymentPostprocessing = 1;
		};
		A6E7B17825921AF10063BEFF /* CopyFiles */ = {
			isa = PBXCopyFilesBuildPhase;
			buildActionMask = 2147483647;
			dstPath = /usr/share/man/man1/;
			dstSubfolderSpec = 0;
			files = (
			);
			runOnlyForDeploymentPostprocessing = 1;
		};
		A6E7B18925922FB70063BEFF /* CopyFiles */ = {
			isa = PBXCopyFilesBuildPhase;
			buildActionMask = 2147483647;
			dstPath = /usr/share/man/man1/;
			dstSubfolderSpec = 0;
			files = (
			);
			runOnlyForDeploymentPostprocessing = 1;
		};
/* End PBXCopyFilesBuildPhase section */

/* Begin PBXFileReference section */
		A670B06625888B75000986DB /* Codewars */ = {isa = PBXFileReference; explicitFileType = "compiled.mach-o.executable"; includeInIndex = 0; path = Codewars; sourceTree = BUILT_PRODUCTS_DIR; };
		A670B07525888C10000986DB /* Spinning words */ = {isa = PBXFileReference; explicitFileType = "compiled.mach-o.executable"; includeInIndex = 0; path = "Spinning words"; sourceTree = BUILT_PRODUCTS_DIR; };
		A670B08225889AE2000986DB /* Stop gninnipS My sdroW! */ = {isa = PBXFileReference; explicitFileType = "compiled.mach-o.executable"; includeInIndex = 0; path = "Stop gninnipS My sdroW!"; sourceTree = BUILT_PRODUCTS_DIR; };
		A670B08425889AE2000986DB /* main.cpp */ = {isa = PBXFileReference; lastKnownFileType = sourcecode.cpp.cpp; path = main.cpp; sourceTree = "<group>"; };
		A67D85002595A236003EBE2C /* Playing with digits */ = {isa = PBXFileReference; explicitFileType = "compiled.mach-o.executable"; includeInIndex = 0; path = "Playing with digits"; sourceTree = BUILT_PRODUCTS_DIR; };
		A67D85022595A236003EBE2C /* main.cpp */ = {isa = PBXFileReference; lastKnownFileType = sourcecode.cpp.cpp; path = main.cpp; sourceTree = "<group>"; };
		A67D85162595AA61003EBE2C /* Vasya - Clerk */ = {isa = PBXFileReference; explicitFileType = "compiled.mach-o.executable"; includeInIndex = 0; path = "Vasya - Clerk"; sourceTree = BUILT_PRODUCTS_DIR; };
		A67D85182595AA61003EBE2C /* main.cpp */ = {isa = PBXFileReference; lastKnownFileType = sourcecode.cpp.cpp; path = main.cpp; sourceTree = "<group>"; };
		A68A25BB259304680025157C /* Unique In Order */ = {isa = PBXFileReference; explicitFileType = "compiled.mach-o.executable"; includeInIndex = 0; path = "Unique In Order"; sourceTree = BUILT_PRODUCTS_DIR; };
		A68A25BD259304680025157C /* main.cpp */ = {isa = PBXFileReference; lastKnownFileType = sourcecode.cpp.cpp; path = main.cpp; sourceTree = "<group>"; };
		A68A25CE2594A5850025157C /* Double Cola */ = {isa = PBXFileReference; explicitFileType = "compiled.mach-o.executable"; includeInIndex = 0; path = "Double Cola"; sourceTree = BUILT_PRODUCTS_DIR; };
		A68A25D02594A5850025157C /* main.cpp */ = {isa = PBXFileReference; lastKnownFileType = sourcecode.cpp.cpp; path = main.cpp; sourceTree = "<group>"; };
		A68A25E22594B8870025157C /* The Supermarket Queue */ = {isa = PBXFileReference; explicitFileType = "compiled.mach-o.executable"; includeInIndex = 0; path = "The Supermarket Queue"; sourceTree = BUILT_PRODUCTS_DIR; };
		A68A25E42594B8870025157C /* main.cpp */ = {isa = PBXFileReference; lastKnownFileType = sourcecode.cpp.cpp; path = main.cpp; sourceTree = "<group>"; };
		A6E7B15B25920E6D0063BEFF /* Multiples of 3 or 5 */ = {isa = PBXFileReference; explicitFileType = "compiled.mach-o.executable"; includeInIndex = 0; path = "Multiples of 3 or 5"; sourceTree = BUILT_PRODUCTS_DIR; };
		A6E7B15D25920E6D0063BEFF /* main.cpp */ = {isa = PBXFileReference; lastKnownFileType = sourcecode.cpp.cpp; path = main.cpp; sourceTree = "<group>"; };
		A6E7B16A259213E10063BEFF /* Bit Counting */ = {isa = PBXFileReference; explicitFileType = "compiled.mach-o.executable"; includeInIndex = 0; path = "Bit Counting"; sourceTree = BUILT_PRODUCTS_DIR; };
		A6E7B16C259213E10063BEFF /* main.cpp */ = {isa = PBXFileReference; lastKnownFileType = sourcecode.cpp.cpp; path = main.cpp; sourceTree = "<group>"; };
		A6E7B17A25921AF10063BEFF /* Duplicate Encoder */ = {isa = PBXFileReference; explicitFileType = "compiled.mach-o.executable"; includeInIndex = 0; path = "Duplicate Encoder"; sourceTree = BUILT_PRODUCTS_DIR; };
		A6E7B17C25921AF10063BEFF /* main.cpp */ = {isa = PBXFileReference; lastKnownFileType = sourcecode.cpp.cpp; path = main.cpp; sourceTree = "<group>"; };
		A6E7B18B25922FB70063BEFF /* A square of squares */ = {isa = PBXFileReference; explicitFileType = "compiled.mach-o.executable"; includeInIndex = 0; path = "A square of squares"; sourceTree = BUILT_PRODUCTS_DIR; };
		A6E7B18D25922FB70063BEFF /* main.cpp */ = {isa = PBXFileReference; lastKnownFileType = sourcecode.cpp.cpp; path = main.cpp; sourceTree = "<group>"; };
/* End PBXFileReference section */

/* Begin PBXFrameworksBuildPhase section */
		A670B06325888B75000986DB /* Frameworks */ = {
			isa = PBXFrameworksBuildPhase;
			buildActionMask = 2147483647;
			files = (
			);
			runOnlyForDeploymentPostprocessing = 0;
		};
		A670B07225888C10000986DB /* Frameworks */ = {
			isa = PBXFrameworksBuildPhase;
			buildActionMask = 2147483647;
			files = (
			);
			runOnlyForDeploymentPostprocessing = 0;
		};
		A670B07F25889AE2000986DB /* Frameworks */ = {
			isa = PBXFrameworksBuildPhase;
			buildActionMask = 2147483647;
			files = (
			);
			runOnlyForDeploymentPostprocessing = 0;
		};
		A67D84FD2595A236003EBE2C /* Frameworks */ = {
			isa = PBXFrameworksBuildPhase;
			buildActionMask = 2147483647;
			files = (
			);
			runOnlyForDeploymentPostprocessing = 0;
		};
		A67D85132595AA61003EBE2C /* Frameworks */ = {
			isa = PBXFrameworksBuildPhase;
			buildActionMask = 2147483647;
			files = (
			);
			runOnlyForDeploymentPostprocessing = 0;
		};
		A68A25B8259304680025157C /* Frameworks */ = {
			isa = PBXFrameworksBuildPhase;
			buildActionMask = 2147483647;
			files = (
			);
			runOnlyForDeploymentPostprocessing = 0;
		};
		A68A25CB2594A5850025157C /* Frameworks */ = {
			isa = PBXFrameworksBuildPhase;
			buildActionMask = 2147483647;
			files = (
			);
			runOnlyForDeploymentPostprocessing = 0;
		};
		A68A25DF2594B8870025157C /* Frameworks */ = {
			isa = PBXFrameworksBuildPhase;
			buildActionMask = 2147483647;
			files = (
			);
			runOnlyForDeploymentPostprocessing = 0;
		};
		A6E7B15825920E6D0063BEFF /* Frameworks */ = {
			isa = PBXFrameworksBuildPhase;
			buildActionMask = 2147483647;
			files = (
			);
			runOnlyForDeploymentPostprocessing = 0;
		};
		A6E7B167259213E10063BEFF /* Frameworks */ = {
			isa = PBXFrameworksBuildPhase;
			buildActionMask = 2147483647;
			files = (
			);
			runOnlyForDeploymentPostprocessing = 0;
		};
		A6E7B17725921AF10063BEFF /* Frameworks */ = {
			isa = PBXFrameworksBuildPhase;
			buildActionMask = 2147483647;
			files = (
			);
			runOnlyForDeploymentPostprocessing = 0;
		};
		A6E7B18825922FB70063BEFF /* Frameworks */ = {
			isa = PBXFrameworksBuildPhase;
			buildActionMask = 2147483647;
			files = (
			);
			runOnlyForDeploymentPostprocessing = 0;
		};
/* End PBXFrameworksBuildPhase section */

/* Begin PBXGroup section */
		A670B05D25888B75000986DB = {
			isa = PBXGroup;
			children = (
				A670B08325889AE2000986DB /* Stop gninnipS My sdroW! */,
				A6E7B15C25920E6D0063BEFF /* Multiples of 3 or 5 */,
				A6E7B16B259213E10063BEFF /* Bit Counting */,
				A6E7B17B25921AF10063BEFF /* Duplicate Encoder */,
				A6E7B18C25922FB70063BEFF /* A square of squares */,
				A68A25BC259304680025157C /* Unique In Order */,
				A68A25CF2594A5850025157C /* Double Cola */,
				A68A25E32594B8870025157C /* The Supermarket Queue */,
				A67D85012595A236003EBE2C /* Playing with digits */,
				A67D85172595AA61003EBE2C /* Vasya - Clerk */,
				A670B06725888B75000986DB /* Products */,
			);
			sourceTree = "<group>";
		};
		A670B06725888B75000986DB /* Products */ = {
			isa = PBXGroup;
			children = (
				A670B06625888B75000986DB /* Codewars */,
				A670B07525888C10000986DB /* Spinning words */,
				A670B08225889AE2000986DB /* Stop gninnipS My sdroW! */,
				A6E7B15B25920E6D0063BEFF /* Multiples of 3 or 5 */,
				A6E7B16A259213E10063BEFF /* Bit Counting */,
				A6E7B17A25921AF10063BEFF /* Duplicate Encoder */,
				A6E7B18B25922FB70063BEFF /* A square of squares */,
				A68A25BB259304680025157C /* Unique In Order */,
				A68A25CE2594A5850025157C /* Double Cola */,
				A68A25E22594B8870025157C /* The Supermarket Queue */,
				A67D85002595A236003EBE2C /* Playing with digits */,
				A67D85162595AA61003EBE2C /* Vasya - Clerk */,
			);
			name = Products;
			sourceTree = "<group>";
		};
		A670B08325889AE2000986DB /* Stop gninnipS My sdroW! */ = {
			isa = PBXGroup;
			children = (
				A670B08425889AE2000986DB /* main.cpp */,
			);
			path = "Stop gninnipS My sdroW!";
			sourceTree = "<group>";
		};
		A67D85012595A236003EBE2C /* Playing with digits */ = {
			isa = PBXGroup;
			children = (
				A67D85022595A236003EBE2C /* main.cpp */,
			);
			path = "Playing with digits";
			sourceTree = "<group>";
		};
		A67D85172595AA61003EBE2C /* Vasya - Clerk */ = {
			isa = PBXGroup;
			children = (
				A67D85182595AA61003EBE2C /* main.cpp */,
			);
			path = "Vasya - Clerk";
			sourceTree = "<group>";
		};
		A68A25BC259304680025157C /* Unique In Order */ = {
			isa = PBXGroup;
			children = (
				A68A25BD259304680025157C /* main.cpp */,
			);
			path = "Unique In Order";
			sourceTree = "<group>";
		};
		A68A25CF2594A5850025157C /* Double Cola */ = {
			isa = PBXGroup;
			children = (
				A68A25D02594A5850025157C /* main.cpp */,
			);
			path = "Double Cola";
			sourceTree = "<group>";
		};
		A68A25E32594B8870025157C /* The Supermarket Queue */ = {
			isa = PBXGroup;
			children = (
				A68A25E42594B8870025157C /* main.cpp */,
			);
			path = "The Supermarket Queue";
			sourceTree = "<group>";
		};
		A6E7B15C25920E6D0063BEFF /* Multiples of 3 or 5 */ = {
			isa = PBXGroup;
			children = (
				A6E7B15D25920E6D0063BEFF /* main.cpp */,
			);
			path = "Multiples of 3 or 5";
			sourceTree = "<group>";
		};
		A6E7B16B259213E10063BEFF /* Bit Counting */ = {
			isa = PBXGroup;
			children = (
				A6E7B16C259213E10063BEFF /* main.cpp */,
			);
			path = "Bit Counting";
			sourceTree = "<group>";
		};
		A6E7B17B25921AF10063BEFF /* Duplicate Encoder */ = {
			isa = PBXGroup;
			children = (
				A6E7B17C25921AF10063BEFF /* main.cpp */,
			);
			path = "Duplicate Encoder";
			sourceTree = "<group>";
		};
		A6E7B18C25922FB70063BEFF /* A square of squares */ = {
			isa = PBXGroup;
			children = (
				A6E7B18D25922FB70063BEFF /* main.cpp */,
			);
			path = "A square of squares";
			sourceTree = "<group>";
		};
/* End PBXGroup section */

/* Begin PBXNativeTarget section */
		A670B06525888B75000986DB /* Codewars */ = {
			isa = PBXNativeTarget;
			buildConfigurationList = A670B06D25888B75000986DB /* Build configuration list for PBXNativeTarget "Codewars" */;
			buildPhases = (
				A670B06225888B75000986DB /* Sources */,
				A670B06325888B75000986DB /* Frameworks */,
				A670B06425888B75000986DB /* CopyFiles */,
			);
			buildRules = (
			);
			dependencies = (
			);
			name = Codewars;
			productName = Codewars;
			productReference = A670B06625888B75000986DB /* Codewars */;
			productType = "com.apple.product-type.tool";
		};
		A670B07425888C10000986DB /* Spinning words */ = {
			isa = PBXNativeTarget;
			buildConfigurationList = A670B07925888C10000986DB /* Build configuration list for PBXNativeTarget "Spinning words" */;
			buildPhases = (
				A670B07125888C10000986DB /* Sources */,
				A670B07225888C10000986DB /* Frameworks */,
				A670B07325888C10000986DB /* CopyFiles */,
			);
			buildRules = (
			);
			dependencies = (
			);
			name = "Spinning words";
			productName = "Spinning words";
			productReference = A670B07525888C10000986DB /* Spinning words */;
			productType = "com.apple.product-type.tool";
		};
		A670B08125889AE2000986DB /* Stop gninnipS My sdroW! */ = {
			isa = PBXNativeTarget;
			buildConfigurationList = A670B08625889AE2000986DB /* Build configuration list for PBXNativeTarget "Stop gninnipS My sdroW!" */;
			buildPhases = (
				A670B07E25889AE2000986DB /* Sources */,
				A670B07F25889AE2000986DB /* Frameworks */,
				A670B08025889AE2000986DB /* CopyFiles */,
			);
			buildRules = (
			);
			dependencies = (
			);
			name = "Stop gninnipS My sdroW!";
			productName = "Stop gninnipS My sdroW!";
			productReference = A670B08225889AE2000986DB /* Stop gninnipS My sdroW! */;
			productType = "com.apple.product-type.tool";
		};
		A67D84FF2595A236003EBE2C /* Playing with digits */ = {
			isa = PBXNativeTarget;
			buildConfigurationList = A67D85062595A236003EBE2C /* Build configuration list for PBXNativeTarget "Playing with digits" */;
			buildPhases = (
				A67D84FC2595A236003EBE2C /* Sources */,
				A67D84FD2595A236003EBE2C /* Frameworks */,
				A67D84FE2595A236003EBE2C /* CopyFiles */,
			);
			buildRules = (
			);
			dependencies = (
			);
			name = "Playing with digits";
			productName = "Playing with digits";
			productReference = A67D85002595A236003EBE2C /* Playing with digits */;
			productType = "com.apple.product-type.tool";
		};
		A67D85152595AA61003EBE2C /* Vasya - Clerk */ = {
			isa = PBXNativeTarget;
			buildConfigurationList = A67D851A2595AA61003EBE2C /* Build configuration list for PBXNativeTarget "Vasya - Clerk" */;
			buildPhases = (
				A67D85122595AA61003EBE2C /* Sources */,
				A67D85132595AA61003EBE2C /* Frameworks */,
				A67D85142595AA61003EBE2C /* CopyFiles */,
			);
			buildRules = (
			);
			dependencies = (
			);
			name = "Vasya - Clerk";
			productName = "Vasya - Clerk";
			productReference = A67D85162595AA61003EBE2C /* Vasya - Clerk */;
			productType = "com.apple.product-type.tool";
		};
		A68A25BA259304680025157C /* Unique In Order */ = {
			isa = PBXNativeTarget;
			buildConfigurationList = A68A25C1259304680025157C /* Build configuration list for PBXNativeTarget "Unique In Order" */;
			buildPhases = (
				A68A25B7259304680025157C /* Sources */,
				A68A25B8259304680025157C /* Frameworks */,
				A68A25B9259304680025157C /* CopyFiles */,
			);
			buildRules = (
			);
			dependencies = (
			);
			name = "Unique In Order";
			productName = "Unique In Order";
			productReference = A68A25BB259304680025157C /* Unique In Order */;
			productType = "com.apple.product-type.tool";
		};
		A68A25CD2594A5850025157C /* Double Cola */ = {
			isa = PBXNativeTarget;
			buildConfigurationList = A68A25D22594A5850025157C /* Build configuration list for PBXNativeTarget "Double Cola" */;
			buildPhases = (
				A68A25CA2594A5850025157C /* Sources */,
				A68A25CB2594A5850025157C /* Frameworks */,
				A68A25CC2594A5850025157C /* CopyFiles */,
			);
			buildRules = (
			);
			dependencies = (
			);
			name = "Double Cola";
			productName = "Double Cola";
			productReference = A68A25CE2594A5850025157C /* Double Cola */;
			productType = "com.apple.product-type.tool";
		};
		A68A25E12594B8870025157C /* The Supermarket Queue */ = {
			isa = PBXNativeTarget;
			buildConfigurationList = A68A25E62594B8870025157C /* Build configuration list for PBXNativeTarget "The Supermarket Queue" */;
			buildPhases = (
				A68A25DE2594B8870025157C /* Sources */,
				A68A25DF2594B8870025157C /* Frameworks */,
				A68A25E02594B8870025157C /* CopyFiles */,
			);
			buildRules = (
			);
			dependencies = (
			);
			name = "The Supermarket Queue";
			productName = "The Supermarket Queue";
			productReference = A68A25E22594B8870025157C /* The Supermarket Queue */;
			productType = "com.apple.product-type.tool";
		};
		A6E7B15A25920E6D0063BEFF /* Multiples of 3 or 5 */ = {
			isa = PBXNativeTarget;
			buildConfigurationList = A6E7B16125920E6D0063BEFF /* Build configuration list for PBXNativeTarget "Multiples of 3 or 5" */;
			buildPhases = (
				A6E7B15725920E6D0063BEFF /* Sources */,
				A6E7B15825920E6D0063BEFF /* Frameworks */,
				A6E7B15925920E6D0063BEFF /* CopyFiles */,
			);
			buildRules = (
			);
			dependencies = (
			);
			name = "Multiples of 3 or 5";
			productName = "Multiples of 3 or 5";
			productReference = A6E7B15B25920E6D0063BEFF /* Multiples of 3 or 5 */;
			productType = "com.apple.product-type.tool";
		};
		A6E7B169259213E10063BEFF /* Bit Counting */ = {
			isa = PBXNativeTarget;
			buildConfigurationList = A6E7B16E259213E10063BEFF /* Build configuration list for PBXNativeTarget "Bit Counting" */;
			buildPhases = (
				A6E7B166259213E10063BEFF /* Sources */,
				A6E7B167259213E10063BEFF /* Frameworks */,
				A6E7B168259213E10063BEFF /* CopyFiles */,
			);
			buildRules = (
			);
			dependencies = (
			);
			name = "Bit Counting";
			productName = "Bit Counting";
			productReference = A6E7B16A259213E10063BEFF /* Bit Counting */;
			productType = "com.apple.product-type.tool";
		};
		A6E7B17925921AF10063BEFF /* Duplicate Encoder */ = {
			isa = PBXNativeTarget;
			buildConfigurationList = A6E7B17E25921AF10063BEFF /* Build configuration list for PBXNativeTarget "Duplicate Encoder" */;
			buildPhases = (
				A6E7B17625921AF10063BEFF /* Sources */,
				A6E7B17725921AF10063BEFF /* Frameworks */,
				A6E7B17825921AF10063BEFF /* CopyFiles */,
			);
			buildRules = (
			);
			dependencies = (
			);
			name = "Duplicate Encoder";
			productName = "Duplicate Encoder";
			productReference = A6E7B17A25921AF10063BEFF /* Duplicate Encoder */;
			productType = "com.apple.product-type.tool";
		};
		A6E7B18A25922FB70063BEFF /* A square of squares */ = {
			isa = PBXNativeTarget;
			buildConfigurationList = A6E7B19125922FB70063BEFF /* Build configuration list for PBXNativeTarget "A square of squares" */;
			buildPhases = (
				A6E7B18725922FB70063BEFF /* Sources */,
				A6E7B18825922FB70063BEFF /* Frameworks */,
				A6E7B18925922FB70063BEFF /* CopyFiles */,
			);
			buildRules = (
			);
			dependencies = (
			);
			name = "A square of squares";
			productName = "A square of squares";
			productReference = A6E7B18B25922FB70063BEFF /* A square of squares */;
			productType = "com.apple.product-type.tool";
		};
/* End PBXNativeTarget section */

/* Begin PBXProject section */
		A670B05E25888B75000986DB /* Project object */ = {
			isa = PBXProject;
			attributes = {
				LastUpgradeCheck = 1230;
				TargetAttributes = {
					A670B06525888B75000986DB = {
						CreatedOnToolsVersion = 12.3;
					};
					A670B07425888C10000986DB = {
						CreatedOnToolsVersion = 12.3;
					};
					A670B08125889AE2000986DB = {
						CreatedOnToolsVersion = 12.3;
					};
					A67D84FF2595A236003EBE2C = {
						CreatedOnToolsVersion = 12.3;
					};
					A67D85152595AA61003EBE2C = {
						CreatedOnToolsVersion = 12.3;
					};
					A68A25BA259304680025157C = {
						CreatedOnToolsVersion = 12.3;
					};
					A68A25CD2594A5850025157C = {
						CreatedOnToolsVersion = 12.3;
					};
					A68A25E12594B8870025157C = {
						CreatedOnToolsVersion = 12.3;
					};
					A6E7B15A25920E6D0063BEFF = {
						CreatedOnToolsVersion = 12.3;
					};
					A6E7B169259213E10063BEFF = {
						CreatedOnToolsVersion = 12.3;
					};
					A6E7B17925921AF10063BEFF = {
						CreatedOnToolsVersion = 12.3;
					};
					A6E7B18A25922FB70063BEFF = {
						CreatedOnToolsVersion = 12.3;
					};
				};
			};
			buildConfigurationList = A670B06125888B75000986DB /* Build configuration list for PBXProject "Codewars" */;
			compatibilityVersion = "Xcode 9.3";
			developmentRegion = en;
			hasScannedForEncodings = 0;
			knownRegions = (
				en,
				Base,
			);
			mainGroup = A670B05D25888B75000986DB;
			productRefGroup = A670B06725888B75000986DB /* Products */;
			projectDirPath = "";
			projectRoot = "";
			targets = (
				A670B06525888B75000986DB /* Codewars */,
				A670B07425888C10000986DB /* Spinning words */,
				A670B08125889AE2000986DB /* Stop gninnipS My sdroW! */,
				A6E7B15A25920E6D0063BEFF /* Multiples of 3 or 5 */,
				A6E7B169259213E10063BEFF /* Bit Counting */,
				A6E7B17925921AF10063BEFF /* Duplicate Encoder */,
				A6E7B18A25922FB70063BEFF /* A square of squares */,
				A68A25BA259304680025157C /* Unique In Order */,
				A68A25CD2594A5850025157C /* Double Cola */,
				A68A25E12594B8870025157C /* The Supermarket Queue */,
				A67D84FF2595A236003EBE2C /* Playing with digits */,
				A67D85152595AA61003EBE2C /* Vasya - Clerk */,
			);
		};
/* End PBXProject section */

/* Begin PBXSourcesBuildPhase section */
		A670B06225888B75000986DB /* Sources */ = {
			isa = PBXSourcesBuildPhase;
			buildActionMask = 2147483647;
			files = (
			);
			runOnlyForDeploymentPostprocessing = 0;
		};
		A670B07125888C10000986DB /* Sources */ = {
			isa = PBXSourcesBuildPhase;
			buildActionMask = 2147483647;
			files = (
			);
			runOnlyForDeploymentPostprocessing = 0;
		};
		A670B07E25889AE2000986DB /* Sources */ = {
			isa = PBXSourcesBuildPhase;
			buildActionMask = 2147483647;
			files = (
				A670B08525889AE2000986DB /* main.cpp in Sources */,
			);
			runOnlyForDeploymentPostprocessing = 0;
		};
		A67D84FC2595A236003EBE2C /* Sources */ = {
			isa = PBXSourcesBuildPhase;
			buildActionMask = 2147483647;
			files = (
				A67D85032595A236003EBE2C /* main.cpp in Sources */,
			);
			runOnlyForDeploymentPostprocessing = 0;
		};
		A67D85122595AA61003EBE2C /* Sources */ = {
			isa = PBXSourcesBuildPhase;
			buildActionMask = 2147483647;
			files = (
				A67D85192595AA61003EBE2C /* main.cpp in Sources */,
			);
			runOnlyForDeploymentPostprocessing = 0;
		};
		A68A25B7259304680025157C /* Sources */ = {
			isa = PBXSourcesBuildPhase;
			buildActionMask = 2147483647;
			files = (
				A68A25BE259304680025157C /* main.cpp in Sources */,
			);
			runOnlyForDeploymentPostprocessing = 0;
		};
		A68A25CA2594A5850025157C /* Sources */ = {
			isa = PBXSourcesBuildPhase;
			buildActionMask = 2147483647;
			files = (
				A68A25D12594A5850025157C /* main.cpp in Sources */,
			);
			runOnlyForDeploymentPostprocessing = 0;
		};
		A68A25DE2594B8870025157C /* Sources */ = {
			isa = PBXSourcesBuildPhase;
			buildActionMask = 2147483647;
			files = (
				A68A25E52594B8870025157C /* main.cpp in Sources */,
			);
			runOnlyForDeploymentPostprocessing = 0;
		};
		A6E7B15725920E6D0063BEFF /* Sources */ = {
			isa = PBXSourcesBuildPhase;
			buildActionMask = 2147483647;
			files = (
				A6E7B15E25920E6D0063BEFF /* main.cpp in Sources */,
			);
			runOnlyForDeploymentPostprocessing = 0;
		};
		A6E7B166259213E10063BEFF /* Sources */ = {
			isa = PBXSourcesBuildPhase;
			buildActionMask = 2147483647;
			files = (
				A6E7B16D259213E10063BEFF /* main.cpp in Sources */,
			);
			runOnlyForDeploymentPostprocessing = 0;
		};
		A6E7B17625921AF10063BEFF /* Sources */ = {
			isa = PBXSourcesBuildPhase;
			buildActionMask = 2147483647;
			files = (
				A6E7B17D25921AF10063BEFF /* main.cpp in Sources */,
			);
			runOnlyForDeploymentPostprocessing = 0;
		};
		A6E7B18725922FB70063BEFF /* Sources */ = {
			isa = PBXSourcesBuildPhase;
			buildActionMask = 2147483647;
			files = (
				A6E7B18E25922FB70063BEFF /* main.cpp in Sources */,
			);
			runOnlyForDeploymentPostprocessing = 0;
		};
/* End PBXSourcesBuildPhase section */

/* Begin XCBuildConfiguration section */
		A670B06B25888B75000986DB /* Debug */ = {
			isa = XCBuildConfiguration;
			buildSettings = {
				ALWAYS_SEARCH_USER_PATHS = NO;
				CLANG_ANALYZER_NONNULL = YES;
				CLANG_ANALYZER_NUMBER_OBJECT_CONVERSION = YES_AGGRESSIVE;
				CLANG_CXX_LANGUAGE_STANDARD = "gnu++14";
				CLANG_CXX_LIBRARY = "libc++";
				CLANG_ENABLE_MODULES = YES;
				CLANG_ENABLE_OBJC_ARC = YES;
				CLANG_ENABLE_OBJC_WEAK = YES;
				CLANG_WARN_BLOCK_CAPTURE_AUTORELEASING = YES;
				CLANG_WARN_BOOL_CONVERSION = YES;
				CLANG_WARN_COMMA = YES;
				CLANG_WARN_CONSTANT_CONVERSION = YES;
				CLANG_WARN_DEPRECATED_OBJC_IMPLEMENTATIONS = YES;
				CLANG_WARN_DIRECT_OBJC_ISA_USAGE = YES_ERROR;
				CLANG_WARN_DOCUMENTATION_COMMENTS = YES;
				CLANG_WARN_EMPTY_BODY = YES;
				CLANG_WARN_ENUM_CONVERSION = YES;
				CLANG_WARN_INFINITE_RECURSION = YES;
				CLANG_WARN_INT_CONVERSION = YES;
				CLANG_WARN_NON_LITERAL_NULL_CONVERSION = YES;
				CLANG_WARN_OBJC_IMPLICIT_RETAIN_SELF = YES;
				CLANG_WARN_OBJC_LITERAL_CONVERSION = YES;
				CLANG_WARN_OBJC_ROOT_CLASS = YES_ERROR;
				CLANG_WARN_QUOTED_INCLUDE_IN_FRAMEWORK_HEADER = YES;
				CLANG_WARN_RANGE_LOOP_ANALYSIS = YES;
				CLANG_WARN_STRICT_PROTOTYPES = YES;
				CLANG_WARN_SUSPICIOUS_MOVE = YES;
				CLANG_WARN_UNGUARDED_AVAILABILITY = YES_AGGRESSIVE;
				CLANG_WARN_UNREACHABLE_CODE = YES;
				CLANG_WARN__DUPLICATE_METHOD_MATCH = YES;
				COPY_PHASE_STRIP = NO;
				DEBUG_INFORMATION_FORMAT = dwarf;
				ENABLE_STRICT_OBJC_MSGSEND = YES;
				ENABLE_TESTABILITY = YES;
				GCC_C_LANGUAGE_STANDARD = gnu11;
				GCC_DYNAMIC_NO_PIC = NO;
				GCC_NO_COMMON_BLOCKS = YES;
				GCC_OPTIMIZATION_LEVEL = 0;
				GCC_PREPROCESSOR_DEFINITIONS = (
					"DEBUG=1",
					"$(inherited)",
				);
				GCC_WARN_64_TO_32_BIT_CONVERSION = YES;
				GCC_WARN_ABOUT_RETURN_TYPE = YES_ERROR;
				GCC_WARN_UNDECLARED_SELECTOR = YES;
				GCC_WARN_UNINITIALIZED_AUTOS = YES_AGGRESSIVE;
				GCC_WARN_UNUSED_FUNCTION = YES;
				GCC_WARN_UNUSED_VARIABLE = YES;
				MACOSX_DEPLOYMENT_TARGET = 11.0;
				MTL_ENABLE_DEBUG_INFO = INCLUDE_SOURCE;
				MTL_FAST_MATH = YES;
				ONLY_ACTIVE_ARCH = YES;
				SDKROOT = macosx;
			};
			name = Debug;
		};
		A670B06C25888B75000986DB /* Release */ = {
			isa = XCBuildConfiguration;
			buildSettings = {
				ALWAYS_SEARCH_USER_PATHS = NO;
				CLANG_ANALYZER_NONNULL = YES;
				CLANG_ANALYZER_NUMBER_OBJECT_CONVERSION = YES_AGGRESSIVE;
				CLANG_CXX_LANGUAGE_STANDARD = "gnu++14";
				CLANG_CXX_LIBRARY = "libc++";
				CLANG_ENABLE_MODULES = YES;
				CLANG_ENABLE_OBJC_ARC = YES;
				CLANG_ENABLE_OBJC_WEAK = YES;
				CLANG_WARN_BLOCK_CAPTURE_AUTORELEASING = YES;
				CLANG_WARN_BOOL_CONVERSION = YES;
				CLANG_WARN_COMMA = YES;
				CLANG_WARN_CONSTANT_CONVERSION = YES;
				CLANG_WARN_DEPRECATED_OBJC_IMPLEMENTATIONS = YES;
				CLANG_WARN_DIRECT_OBJC_ISA_USAGE = YES_ERROR;
				CLANG_WARN_DOCUMENTATION_COMMENTS = YES;
				CLANG_WARN_EMPTY_BODY = YES;
				CLANG_WARN_ENUM_CONVERSION = YES;
				CLANG_WARN_INFINITE_RECURSION = YES;
				CLANG_WARN_INT_CONVERSION = YES;
				CLANG_WARN_NON_LITERAL_NULL_CONVERSION = YES;
				CLANG_WARN_OBJC_IMPLICIT_RETAIN_SELF = YES;
				CLANG_WARN_OBJC_LITERAL_CONVERSION = YES;
				CLANG_WARN_OBJC_ROOT_CLASS = YES_ERROR;
				CLANG_WARN_QUOTED_INCLUDE_IN_FRAMEWORK_HEADER = YES;
				CLANG_WARN_RANGE_LOOP_ANALYSIS = YES;
				CLANG_WARN_STRICT_PROTOTYPES = YES;
				CLANG_WARN_SUSPICIOUS_MOVE = YES;
				CLANG_WARN_UNGUARDED_AVAILABILITY = YES_AGGRESSIVE;
				CLANG_WARN_UNREACHABLE_CODE = YES;
				CLANG_WARN__DUPLICATE_METHOD_MATCH = YES;
				COPY_PHASE_STRIP = NO;
				DEBUG_INFORMATION_FORMAT = "dwarf-with-dsym";
				ENABLE_NS_ASSERTIONS = NO;
				ENABLE_STRICT_OBJC_MSGSEND = YES;
				GCC_C_LANGUAGE_STANDARD = gnu11;
				GCC_NO_COMMON_BLOCKS = YES;
				GCC_WARN_64_TO_32_BIT_CONVERSION = YES;
				GCC_WARN_ABOUT_RETURN_TYPE = YES_ERROR;
				GCC_WARN_UNDECLARED_SELECTOR = YES;
				GCC_WARN_UNINITIALIZED_AUTOS = YES_AGGRESSIVE;
				GCC_WARN_UNUSED_FUNCTION = YES;
				GCC_WARN_UNUSED_VARIABLE = YES;
				MACOSX_DEPLOYMENT_TARGET = 11.0;
				MTL_ENABLE_DEBUG_INFO = NO;
				MTL_FAST_MATH = YES;
				SDKROOT = macosx;
			};
			name = Release;
		};
		A670B06E25888B75000986DB /* Debug */ = {
			isa = XCBuildConfiguration;
			buildSettings = {
				CODE_SIGN_STYLE = Automatic;
				PRODUCT_NAME = "$(TARGET_NAME)";
			};
			name = Debug;
		};
		A670B06F25888B75000986DB /* Release */ = {
			isa = XCBuildConfiguration;
			buildSettings = {
				CODE_SIGN_STYLE = Automatic;
				PRODUCT_NAME = "$(TARGET_NAME)";
			};
			name = Release;
		};
		A670B07A25888C10000986DB /* Debug */ = {
			isa = XCBuildConfiguration;
			buildSettings = {
				CODE_SIGN_STYLE = Automatic;
				PRODUCT_NAME = "$(TARGET_NAME)";
			};
			name = Debug;
		};
		A670B07B25888C10000986DB /* Release */ = {
			isa = XCBuildConfiguration;
			buildSettings = {
				CODE_SIGN_STYLE = Automatic;
				PRODUCT_NAME = "$(TARGET_NAME)";
			};
			name = Release;
		};
		A670B08725889AE2000986DB /* Debug */ = {
			isa = XCBuildConfiguration;
			buildSettings = {
				CODE_SIGN_STYLE = Automatic;
				PRODUCT_NAME = "$(TARGET_NAME)";
			};
			name = Debug;
		};
		A670B08825889AE2000986DB /* Release */ = {
			isa = XCBuildConfiguration;
			buildSettings = {
				CODE_SIGN_STYLE = Automatic;
				PRODUCT_NAME = "$(TARGET_NAME)";
			};
			name = Release;
		};
		A67D85042595A236003EBE2C /* Debug */ = {
			isa = XCBuildConfiguration;
			buildSettings = {
				CODE_SIGN_STYLE = Automatic;
				MACOSX_DEPLOYMENT_TARGET = 11.1;
				PRODUCT_NAME = "$(TARGET_NAME)";
			};
			name = Debug;
		};
		A67D85052595A236003EBE2C /* Release */ = {
			isa = XCBuildConfiguration;
			buildSettings = {
				CODE_SIGN_STYLE = Automatic;
				MACOSX_DEPLOYMENT_TARGET = 11.1;
				PRODUCT_NAME = "$(TARGET_NAME)";
			};
			name = Release;
		};
		A67D851B2595AA61003EBE2C /* Debug */ = {
			isa = XCBuildConfiguration;
			buildSettings = {
				CODE_SIGN_STYLE = Automatic;
				MACOSX_DEPLOYMENT_TARGET = 11.1;
				PRODUCT_NAME = "$(TARGET_NAME)";
			};
			name = Debug;
		};
		A67D851C2595AA61003EBE2C /* Release */ = {
			isa = XCBuildConfiguration;
			buildSettings = {
				CODE_SIGN_STYLE = Automatic;
				MACOSX_DEPLOYMENT_TARGET = 11.1;
				PRODUCT_NAME = "$(TARGET_NAME)";
			};
			name = Release;
		};
		A68A25BF259304680025157C /* Debug */ = {
			isa = XCBuildConfiguration;
			buildSettings = {
				CODE_SIGN_STYLE = Automatic;
				MACOSX_DEPLOYMENT_TARGET = 11.1;
				PRODUCT_NAME = "$(TARGET_NAME)";
			};
			name = Debug;
		};
		A68A25C0259304680025157C /* Release */ = {
			isa = XCBuildConfiguration;
			buildSettings = {
				CODE_SIGN_STYLE = Automatic;
				MACOSX_DEPLOYMENT_TARGET = 11.1;
				PRODUCT_NAME = "$(TARGET_NAME)";
			};
			name = Release;
		};
		A68A25D32594A5850025157C /* Debug */ = {
			isa = XCBuildConfiguration;
			buildSettings = {
				CODE_SIGN_STYLE = Automatic;
				MACOSX_DEPLOYMENT_TARGET = 11.1;
				PRODUCT_NAME = "$(TARGET_NAME)";
			};
			name = Debug;
		};
		A68A25D42594A5850025157C /* Release */ = {
			isa = XCBuildConfiguration;
			buildSettings = {
				CODE_SIGN_STYLE = Automatic;
				MACOSX_DEPLOYMENT_TARGET = 11.1;
				PRODUCT_NAME = "$(TARGET_NAME)";
			};
			name = Release;
		};
		A68A25E72594B8870025157C /* Debug */ = {
			isa = XCBuildConfiguration;
			buildSettings = {
				CODE_SIGN_STYLE = Automatic;
				MACOSX_DEPLOYMENT_TARGET = 11.1;
				PRODUCT_NAME = "$(TARGET_NAME)";
			};
			name = Debug;
		};
		A68A25E82594B8870025157C /* Release */ = {
			isa = XCBuildConfiguration;
			buildSettings = {
				CODE_SIGN_STYLE = Automatic;
				MACOSX_DEPLOYMENT_TARGET = 11.1;
				PRODUCT_NAME = "$(TARGET_NAME)";
			};
			name = Release;
		};
		A6E7B15F25920E6D0063BEFF /* Debug */ = {
			isa = XCBuildConfiguration;
			buildSettings = {
				CODE_SIGN_STYLE = Automatic;
				MACOSX_DEPLOYMENT_TARGET = 11.1;
				PRODUCT_NAME = "$(TARGET_NAME)";
			};
			name = Debug;
		};
		A6E7B16025920E6D0063BEFF /* Release */ = {
			isa = XCBuildConfiguration;
			buildSettings = {
				CODE_SIGN_STYLE = Automatic;
				MACOSX_DEPLOYMENT_TARGET = 11.1;
				PRODUCT_NAME = "$(TARGET_NAME)";
			};
			name = Release;
		};
		A6E7B16F259213E10063BEFF /* Debug */ = {
			isa = XCBuildConfiguration;
			buildSettings = {
				CODE_SIGN_STYLE = Automatic;
				MACOSX_DEPLOYMENT_TARGET = 11.1;
				PRODUCT_NAME = "$(TARGET_NAME)";
			};
			name = Debug;
		};
		A6E7B170259213E10063BEFF /* Release */ = {
			isa = XCBuildConfiguration;
			buildSettings = {
				CODE_SIGN_STYLE = Automatic;
				MACOSX_DEPLOYMENT_TARGET = 11.1;
				PRODUCT_NAME = "$(TARGET_NAME)";
			};
			name = Release;
		};
		A6E7B17F25921AF10063BEFF /* Debug */ = {
			isa = XCBuildConfiguration;
			buildSettings = {
				CODE_SIGN_STYLE = Automatic;
				MACOSX_DEPLOYMENT_TARGET = 11.1;
				PRODUCT_NAME = "$(TARGET_NAME)";
			};
			name = Debug;
		};
		A6E7B18025921AF10063BEFF /* Release */ = {
			isa = XCBuildConfiguration;
			buildSettings = {
				CODE_SIGN_STYLE = Automatic;
				MACOSX_DEPLOYMENT_TARGET = 11.1;
				PRODUCT_NAME = "$(TARGET_NAME)";
			};
			name = Release;
		};
		A6E7B18F25922FB70063BEFF /* Debug */ = {
			isa = XCBuildConfiguration;
			buildSettings = {
				CODE_SIGN_STYLE = Automatic;
				MACOSX_DEPLOYMENT_TARGET = 11.1;
				PRODUCT_NAME = "$(TARGET_NAME)";
			};
			name = Debug;
		};
		A6E7B19025922FB70063BEFF /* Release */ = {
			isa = XCBuildConfiguration;
			buildSettings = {
				CODE_SIGN_STYLE = Automatic;
				MACOSX_DEPLOYMENT_TARGET = 11.1;
				PRODUCT_NAME = "$(TARGET_NAME)";
			};
			name = Release;
		};
/* End XCBuildConfiguration section */

/* Begin XCConfigurationList section */
		A670B06125888B75000986DB /* Build configuration list for PBXProject "Codewars" */ = {
			isa = XCConfigurationList;
			buildConfigurations = (
				A670B06B25888B75000986DB /* Debug */,
				A670B06C25888B75000986DB /* Release */,
			);
			defaultConfigurationIsVisible = 0;
			defaultConfigurationName = Release;
		};
		A670B06D25888B75000986DB /* Build configuration list for PBXNativeTarget "Codewars" */ = {
			isa = XCConfigurationList;
			buildConfigurations = (
				A670B06E25888B75000986DB /* Debug */,
				A670B06F25888B75000986DB /* Release */,
			);
			defaultConfigurationIsVisible = 0;
			defaultConfigurationName = Release;
		};
		A670B07925888C10000986DB /* Build configuration list for PBXNativeTarget "Spinning words" */ = {
			isa = XCConfigurationList;
			buildConfigurations = (
				A670B07A25888C10000986DB /* Debug */,
				A670B07B25888C10000986DB /* Release */,
			);
			defaultConfigurationIsVisible = 0;
			defaultConfigurationName = Release;
		};
		A670B08625889AE2000986DB /* Build configuration list for PBXNativeTarget "Stop gninnipS My sdroW!" */ = {
			isa = XCConfigurationList;
			buildConfigurations = (
				A670B08725889AE2000986DB /* Debug */,
				A670B08825889AE2000986DB /* Release */,
			);
			defaultConfigurationIsVisible = 0;
			defaultConfigurationName = Release;
		};
		A67D85062595A236003EBE2C /* Build configuration list for PBXNativeTarget "Playing with digits" */ = {
			isa = XCConfigurationList;
			buildConfigurations = (
				A67D85042595A236003EBE2C /* Debug */,
				A67D85052595A236003EBE2C /* Release */,
			);
			defaultConfigurationIsVisible = 0;
			defaultConfigurationName = Release;
		};
		A67D851A2595AA61003EBE2C /* Build configuration list for PBXNativeTarget "Vasya - Clerk" */ = {
			isa = XCConfigurationList;
			buildConfigurations = (
				A67D851B2595AA61003EBE2C /* Debug */,
				A67D851C2595AA61003EBE2C /* Release */,
			);
			defaultConfigurationIsVisible = 0;
			defaultConfigurationName = Release;
		};
		A68A25C1259304680025157C /* Build configuration list for PBXNativeTarget "Unique In Order" */ = {
			isa = XCConfigurationList;
			buildConfigurations = (
				A68A25BF259304680025157C /* Debug */,
				A68A25C0259304680025157C /* Release */,
			);
			defaultConfigurationIsVisible = 0;
			defaultConfigurationName = Release;
		};
		A68A25D22594A5850025157C /* Build configuration list for PBXNativeTarget "Double Cola" */ = {
			isa = XCConfigurationList;
			buildConfigurations = (
				A68A25D32594A5850025157C /* Debug */,
				A68A25D42594A5850025157C /* Release */,
			);
			defaultConfigurationIsVisible = 0;
			defaultConfigurationName = Release;
		};
		A68A25E62594B8870025157C /* Build configuration list for PBXNativeTarget "The Supermarket Queue" */ = {
			isa = XCConfigurationList;
			buildConfigurations = (
				A68A25E72594B8870025157C /* Debug */,
				A68A25E82594B8870025157C /* Release */,
			);
			defaultConfigurationIsVisible = 0;
			defaultConfigurationName = Release;
		};
		A6E7B16125920E6D0063BEFF /* Build configuration list for PBXNativeTarget "Multiples of 3 or 5" */ = {
			isa = XCConfigurationList;
			buildConfigurations = (
				A6E7B15F25920E6D0063BEFF /* Debug */,
				A6E7B16025920E6D0063BEFF /* Release */,
			);
			defaultConfigurationIsVisible = 0;
			defaultConfigurationName = Release;
		};
		A6E7B16E259213E10063BEFF /* Build configuration list for PBXNativeTarget "Bit Counting" */ = {
			isa = XCConfigurationList;
			buildConfigurations = (
				A6E7B16F259213E10063BEFF /* Debug */,
				A6E7B170259213E10063BEFF /* Release */,
			);
			defaultConfigurationIsVisible = 0;
			defaultConfigurationName = Release;
		};
		A6E7B17E25921AF10063BEFF /* Build configuration list for PBXNativeTarget "Duplicate Encoder" */ = {
			isa = XCConfigurationList;
			buildConfigurations = (
				A6E7B17F25921AF10063BEFF /* Debug */,
				A6E7B18025921AF10063BEFF /* Release */,
			);
			defaultConfigurationIsVisible = 0;
			defaultConfigurationName = Release;
		};
		A6E7B19125922FB70063BEFF /* Build configuration list for PBXNativeTarget "A square of squares" */ = {
			isa = XCConfigurationList;
			buildConfigurations = (
				A6E7B18F25922FB70063BEFF /* Debug */,
				A6E7B19025922FB70063BEFF /* Release */,
			);
			defaultConfigurationIsVisible = 0;
			defaultConfigurationName = Release;
		};
/* End XCConfigurationList section */
	};
	rootObject = A670B05E25888B75000986DB /* Project object */;
}
